
Microsoft Visual Studio Solution File, Format Version 12.00
# Visual Studio Version 16
VisualStudioVersion = 16.0.29613.14
MinimumVisualStudioVersion = 10.0.40219.1
Project("{FAE04EC0-301F-11D3-BF4B-00C04F79EFBC}") = "Countries-State Management", "Countries-State Management\Countries-State Management.csproj", "{A48BB14C-52FB-404C-BC9E-806FEBAFD817}"
EndProject
Global
	GlobalSection(SolutionConfigurationPlatforms) = preSolution
		Debug|Any CPU = Debug|Any CPU
		Release|Any CPU = Release|Any CPU
	EndGlobalSection
	GlobalSection(ProjectConfigurationPlatforms) = postSolution
		{A48BB14C-52FB-404C-BC9E-806FEBAFD817}.Debug|Any CPU.ActiveCfg = Debug|Any CPU
		{A48BB14C-52FB-404C-BC9E-806FEBAFD817}.Debug|Any CPU.Build.0 = Debug|Any CPU
		{A48BB14C-52FB-404C-BC9E-806FEBAFD817}.Release|Any CPU.ActiveCfg = Release|Any CPU
		{A48BB14C-52FB-404C-BC9E-806FEBAFD817}.Release|Any CPU.Build.0 = Release|Any CPU
	EndGlobalSection
	GlobalSection(SolutionProperties) = preSolution
		HideSolutionNode = FALSE
	EndGlobalSection
	GlobalSection(ExtensibilityGlobals) = postSolution
		SolutionGuid = {6D7AB0FF-E7A9-417E-9679-B79E9D998AC4}
	EndGlobalSection
EndGlobal
